// !$*UTF8*$!
{
	archiveVersion = 1;
	classes = {
	};
	objectVersion = 48;
	objects = {

/* Begin PBXBuildFile section */
		5177A37D95D99615DD5CB95F /* Pods_Papaya.framework in Frameworks */ = {isa = PBXBuildFile; fileRef = 694F693165B9B1E6C2292FFC /* Pods_Papaya.framework */; };
		C00A21721FAEC27D007B04B7 /* AppDelegate.swift in Sources */ = {isa = PBXBuildFile; fileRef = C00A20E11FAEC27D007B04B7 /* AppDelegate.swift */; };
		C00A21731FAEC27D007B04B7 /* CompareVC.swift in Sources */ = {isa = PBXBuildFile; fileRef = C00A20E41FAEC27D007B04B7 /* CompareVC.swift */; };
		C00A21741FAEC27D007B04B7 /* DetailItemViewController.swift in Sources */ = {isa = PBXBuildFile; fileRef = C00A20E51FAEC27D007B04B7 /* DetailItemViewController.swift */; };
		C00A21751FAEC27D007B04B7 /* ImageDetailVC.swift in Sources */ = {isa = PBXBuildFile; fileRef = C00A20E61FAEC27D007B04B7 /* ImageDetailVC.swift */; };
		C00A21761FAEC27D007B04B7 /* InventoryVC.swift in Sources */ = {isa = PBXBuildFile; fileRef = C00A20E71FAEC27D007B04B7 /* InventoryVC.swift */; };
		C00A21771FAEC27D007B04B7 /* LaunchScreenViewController.swift in Sources */ = {isa = PBXBuildFile; fileRef = C00A20E91FAEC27D007B04B7 /* LaunchScreenViewController.swift */; };
		C00A21781FAEC27D007B04B7 /* LoginViewController.swift in Sources */ = {isa = PBXBuildFile; fileRef = C00A20EA1FAEC27D007B04B7 /* LoginViewController.swift */; };
		C00A217A1FAEC27D007B04B7 /* SignUpViewController.swift in Sources */ = {isa = PBXBuildFile; fileRef = C00A20EC1FAEC27D007B04B7 /* SignUpViewController.swift */; };
		C00A217B1FAEC27D007B04B7 /* EditDetailVC.swift in Sources */ = {isa = PBXBuildFile; fileRef = C00A20EE1FAEC27D007B04B7 /* EditDetailVC.swift */; };
		C00A217C1FAEC27D007B04B7 /* ListDetailVC.swift in Sources */ = {isa = PBXBuildFile; fileRef = C00A20EF1FAEC27D007B04B7 /* ListDetailVC.swift */; };
		C00A217D1FAEC27D007B04B7 /* ListFromOCR.swift in Sources */ = {isa = PBXBuildFile; fileRef = C00A20F01FAEC27D007B04B7 /* ListFromOCR.swift */; };
		C00A217E1FAEC27D007B04B7 /* ListsVC.swift in Sources */ = {isa = PBXBuildFile; fileRef = C00A20F11FAEC27D007B04B7 /* ListsVC.swift */; };
		C00A217F1FAEC27D007B04B7 /* LoginTextField.swift in Sources */ = {isa = PBXBuildFile; fileRef = C00A20F31FAEC27D007B04B7 /* LoginTextField.swift */; };
		C00A21801FAEC27D007B04B7 /* SignupVC.swift in Sources */ = {isa = PBXBuildFile; fileRef = C00A20F41FAEC27D007B04B7 /* SignupVC.swift */; };
		C00A21811FAEC27D007B04B7 /* ChooseShopViewController.swift in Sources */ = {isa = PBXBuildFile; fileRef = C00A20F61FAEC27D007B04B7 /* ChooseShopViewController.swift */; };
		C00A21821FAEC27D007B04B7 /* CheckoutDeliveryVC.swift in Sources */ = {isa = PBXBuildFile; fileRef = C00A20F81FAEC27D007B04B7 /* CheckoutDeliveryVC.swift */; };
		C00A21831FAEC27D007B04B7 /* CheckoutVC.swift in Sources */ = {isa = PBXBuildFile; fileRef = C00A20F91FAEC27D007B04B7 /* CheckoutVC.swift */; };
		C00A21841FAEC27D007B04B7 /* Grocery.swift in Sources */ = {isa = PBXBuildFile; fileRef = C00A20FA1FAEC27D007B04B7 /* Grocery.swift */; };
		C00A21851FAEC27D007B04B7 /* GroceryContainerVC.swift in Sources */ = {isa = PBXBuildFile; fileRef = C00A20FB1FAEC27D007B04B7 /* GroceryContainerVC.swift */; };
		C00A21861FAEC27D007B04B7 /* CartVC.swift in Sources */ = {isa = PBXBuildFile; fileRef = C00A20FD1FAEC27D007B04B7 /* CartVC.swift */; };
		C00A21871FAEC27D007B04B7 /* FilterVC.swift in Sources */ = {isa = PBXBuildFile; fileRef = C00A20FE1FAEC27D007B04B7 /* FilterVC.swift */; };
		C00A21881FAEC27D007B04B7 /* ShoppingVC.swift in Sources */ = {isa = PBXBuildFile; fileRef = C00A20FF1FAEC27D007B04B7 /* ShoppingVC.swift */; };
		C00A21891FAEC27D007B04B7 /* GiveTipVC.swift in Sources */ = {isa = PBXBuildFile; fileRef = C00A21011FAEC27D007B04B7 /* GiveTipVC.swift */; };
		C00A218A1FAEC27D007B04B7 /* AddExpress.swift in Sources */ = {isa = PBXBuildFile; fileRef = C00A21041FAEC27D007B04B7 /* AddExpress.swift */; };
		C00A218B1FAEC27D007B04B7 /* AddExpress.xib in Resources */ = {isa = PBXBuildFile; fileRef = C00A21051FAEC27D007B04B7 /* AddExpress.xib */; };
		C00A218C1FAEC27D007B04B7 /* ExpressStatus.swift in Sources */ = {isa = PBXBuildFile; fileRef = C00A21061FAEC27D007B04B7 /* ExpressStatus.swift */; };
		C00A218D1FAEC27D007B04B7 /* ExpressStatus.xib in Resources */ = {isa = PBXBuildFile; fileRef = C00A21071FAEC27D007B04B7 /* ExpressStatus.xib */; };
		C00A218E1FAEC27D007B04B7 /* MainStatus.swift in Sources */ = {isa = PBXBuildFile; fileRef = C00A21081FAEC27D007B04B7 /* MainStatus.swift */; };
		C00A218F1FAEC27D007B04B7 /* MainStatus.xib in Resources */ = {isa = PBXBuildFile; fileRef = C00A21091FAEC27D007B04B7 /* MainStatus.xib */; };
		C00A21901FAEC27D007B04B7 /* OrderSummary.swift in Sources */ = {isa = PBXBuildFile; fileRef = C00A210A1FAEC27D007B04B7 /* OrderSummary.swift */; };
		C00A21911FAEC27D007B04B7 /* OrderSummary.xib in Resources */ = {isa = PBXBuildFile; fileRef = C00A210B1FAEC27D007B04B7 /* OrderSummary.xib */; };
		C00A21921FAEC27D007B04B7 /* PersonCell.swift in Sources */ = {isa = PBXBuildFile; fileRef = C00A210C1FAEC27D007B04B7 /* PersonCell.swift */; };
		C00A21931FAEC27D007B04B7 /* PersonCell.xib in Resources */ = {isa = PBXBuildFile; fileRef = C00A210D1FAEC27D007B04B7 /* PersonCell.xib */; };
		C00A21941FAEC27D007B04B7 /* DeliveryStatus.swift in Sources */ = {isa = PBXBuildFile; fileRef = C00A210F1FAEC27D007B04B7 /* DeliveryStatus.swift */; };
		C00A21951FAEC27D007B04B7 /* DeliveryStatus.xib in Resources */ = {isa = PBXBuildFile; fileRef = C00A21101FAEC27D007B04B7 /* DeliveryStatus.xib */; };
		C00A21961FAEC27D007B04B7 /* FinishButton.swift in Sources */ = {isa = PBXBuildFile; fileRef = C00A21121FAEC27D007B04B7 /* FinishButton.swift */; };
		C00A21971FAEC27D007B04B7 /* FinishButton.xib in Resources */ = {isa = PBXBuildFile; fileRef = C00A21131FAEC27D007B04B7 /* FinishButton.xib */; };
		C00A21981FAEC27D007B04B7 /* PriceBreakdown.swift in Sources */ = {isa = PBXBuildFile; fileRef = C00A21141FAEC27D007B04B7 /* PriceBreakdown.swift */; };
		C00A21991FAEC27D007B04B7 /* PriceBreakdown.xib in Resources */ = {isa = PBXBuildFile; fileRef = C00A21151FAEC27D007B04B7 /* PriceBreakdown.xib */; };
		C00A219A1FAEC27D007B04B7 /* PackingDetail.swift in Sources */ = {isa = PBXBuildFile; fileRef = C00A21171FAEC27D007B04B7 /* PackingDetail.swift */; };
		C00A219B1FAEC27D007B04B7 /* PackingDetail.xib in Resources */ = {isa = PBXBuildFile; fileRef = C00A21181FAEC27D007B04B7 /* PackingDetail.xib */; };
		C00A219C1FAEC27D007B04B7 /* StartTip.swift in Sources */ = {isa = PBXBuildFile; fileRef = C00A211A1FAEC27D007B04B7 /* StartTip.swift */; };
		C00A219D1FAEC27D007B04B7 /* StartTip.xib in Resources */ = {isa = PBXBuildFile; fileRef = C00A211B1FAEC27D007B04B7 /* StartTip.xib */; };
		C00A219E1FAEC27D007B04B7 /* StatusCell.swift in Sources */ = {isa = PBXBuildFile; fileRef = C00A211C1FAEC27D007B04B7 /* StatusCell.swift */; };
		C00A219F1FAEC27D007B04B7 /* OrderSummaryVC.swift in Sources */ = {isa = PBXBuildFile; fileRef = C00A211E1FAEC27D007B04B7 /* OrderSummaryVC.swift */; };
		C00A21A01FAEC27D007B04B7 /* SupportVC.swift in Sources */ = {isa = PBXBuildFile; fileRef = C00A211F1FAEC27D007B04B7 /* SupportVC.swift */; };
		C00A21A11FAEC27D007B04B7 /* TipVC.swift in Sources */ = {isa = PBXBuildFile; fileRef = C00A21201FAEC27D007B04B7 /* TipVC.swift */; };
		C00A21A21FAEC27D007B04B7 /* StatusSupportVC.swift in Sources */ = {isa = PBXBuildFile; fileRef = C00A21211FAEC27D007B04B7 /* StatusSupportVC.swift */; };
		C00A21A31FAEC27D007B04B7 /* StatusVC.swift in Sources */ = {isa = PBXBuildFile; fileRef = C00A21221FAEC27D007B04B7 /* StatusVC.swift */; };
		C00A21A41FAEC27D007B04B7 /* StatusViewController.swift in Sources */ = {isa = PBXBuildFile; fileRef = C00A21231FAEC27D007B04B7 /* StatusViewController.swift */; };
		C00A21A51FAEC27D007B04B7 /* AnomalyVC.swift in Sources */ = {isa = PBXBuildFile; fileRef = C00A21251FAEC27D007B04B7 /* AnomalyVC.swift */; };
		C00A21A61FAEC27D007B04B7 /* BaseVC.swift in Sources */ = {isa = PBXBuildFile; fileRef = C00A21261FAEC27D007B04B7 /* BaseVC.swift */; };
		C00A21A71FAEC27D007B04B7 /* DeliverVC.swift in Sources */ = {isa = PBXBuildFile; fileRef = C00A21271FAEC27D007B04B7 /* DeliverVC.swift */; };
		C00A21A81FAEC27D007B04B7 /* PackerVC.swift in Sources */ = {isa = PBXBuildFile; fileRef = C00A21281FAEC27D007B04B7 /* PackerVC.swift */; };
		C00A21A91FAEC27D007B04B7 /* PackOrderVC.swift in Sources */ = {isa = PBXBuildFile; fileRef = C00A21291FAEC27D007B04B7 /* PackOrderVC.swift */; };
		C00A21AA1FAEC27D007B04B7 /* AdvancedVC.swift in Sources */ = {isa = PBXBuildFile; fileRef = C00A212B1FAEC27D007B04B7 /* AdvancedVC.swift */; };
		C00A21AB1FAEC27D007B04B7 /* EmailVC.swift in Sources */ = {isa = PBXBuildFile; fileRef = C00A212C1FAEC27D007B04B7 /* EmailVC.swift */; };
		C00A21AC1FAEC27D007B04B7 /* NameVC.swift in Sources */ = {isa = PBXBuildFile; fileRef = C00A212D1FAEC27D007B04B7 /* NameVC.swift */; };
		C00A21AD1FAEC27D007B04B7 /* PasswordVC.swift in Sources */ = {isa = PBXBuildFile; fileRef = C00A212E1FAEC27D007B04B7 /* PasswordVC.swift */; };
		C00A21AE1FAEC27D007B04B7 /* PaymentVC.swift in Sources */ = {isa = PBXBuildFile; fileRef = C00A212F1FAEC27D007B04B7 /* PaymentVC.swift */; };
		C00A21AF1FAEC27D007B04B7 /* SettingsInfoVC.swift in Sources */ = {isa = PBXBuildFile; fileRef = C00A21301FAEC27D007B04B7 /* SettingsInfoVC.swift */; };
		C00A21B01FAEC27D007B04B7 /* SettingsVC.swift in Sources */ = {isa = PBXBuildFile; fileRef = C00A21311FAEC27D007B04B7 /* SettingsVC.swift */; };
		C00A21B11FAEC27D007B04B7 /* AlertHelper.swift in Sources */ = {isa = PBXBuildFile; fileRef = C00A21331FAEC27D007B04B7 /* AlertHelper.swift */; };
		C00A21B21FAEC27D007B04B7 /* UIViewController+BackButtonHandler.m in Sources */ = {isa = PBXBuildFile; fileRef = C00A21361FAEC27D007B04B7 /* UIViewController+BackButtonHandler.m */; };
		C00A21B31FAEC27D007B04B7 /* Extensions.swift in Sources */ = {isa = PBXBuildFile; fileRef = C00A21371FAEC27D007B04B7 /* Extensions.swift */; };
		C00A21B51FAEC27D007B04B7 /* Reachability.swift in Sources */ = {isa = PBXBuildFile; fileRef = C00A21391FAEC27D007B04B7 /* Reachability.swift */; };
		C00A21B61FAEC27D007B04B7 /* StoryboardHandler.swift in Sources */ = {isa = PBXBuildFile; fileRef = C00A213A1FAEC27D007B04B7 /* StoryboardHandler.swift */; };
		C00A21B71FAEC27D007B04B7 /* Request+Image.swift in Sources */ = {isa = PBXBuildFile; fileRef = C00A213C1FAEC27D007B04B7 /* Request+Image.swift */; };
		C00A21B81FAEC27D007B04B7 /* Request.swift in Sources */ = {isa = PBXBuildFile; fileRef = C00A213D1FAEC27D007B04B7 /* Request.swift */; };
		C00A21C21FAEC27D007B04B7 /* Colors.swift in Sources */ = {isa = PBXBuildFile; fileRef = C00A214A1FAEC27D007B04B7 /* Colors.swift */; };
		C00A21C31FAEC27D007B04B7 /* Constants.swift in Sources */ = {isa = PBXBuildFile; fileRef = C00A214B1FAEC27D007B04B7 /* Constants.swift */; };
		C00A21C41FAEC27D007B04B7 /* Cart.swift in Sources */ = {isa = PBXBuildFile; fileRef = C00A214C1FAEC27D007B04B7 /* Cart.swift */; };
		C00A21C51FAEC27D007B04B7 /* Item.swift in Sources */ = {isa = PBXBuildFile; fileRef = C00A214D1FAEC27D007B04B7 /* Item.swift */; };
		C00A21C61FAEC27D007B04B7 /* Location.swift in Sources */ = {isa = PBXBuildFile; fileRef = C00A214E1FAEC27D007B04B7 /* Location.swift */; };
		C00A21C71FAEC27D007B04B7 /* PrePackedObject.swift in Sources */ = {isa = PBXBuildFile; fileRef = C00A214F1FAEC27D007B04B7 /* PrePackedObject.swift */; };
		C00A21C81FAEC27D007B04B7 /* Shop.swift in Sources */ = {isa = PBXBuildFile; fileRef = C00A21501FAEC27D007B04B7 /* Shop.swift */; };
		C00A21C91FAEC27D007B04B7 /* User.swift in Sources */ = {isa = PBXBuildFile; fileRef = C00A21511FAEC27D007B04B7 /* User.swift */; };
		C00A21CC1FAEC27D007B04B7 /* DeliveryTextField.swift in Sources */ = {isa = PBXBuildFile; fileRef = C00A21561FAEC27D007B04B7 /* DeliveryTextField.swift */; };
		C00A21CD1FAEC27D007B04B7 /* DrawView.swift in Sources */ = {isa = PBXBuildFile; fileRef = C00A21571FAEC27D007B04B7 /* DrawView.swift */; };
		C00A21CE1FAEC27D007B04B7 /* DSGradientProgressView.swift in Sources */ = {isa = PBXBuildFile; fileRef = C00A21581FAEC27D007B04B7 /* DSGradientProgressView.swift */; };
		C00A21CF1FAEC27D007B04B7 /* LargeButton.swift in Sources */ = {isa = PBXBuildFile; fileRef = C00A21591FAEC27D007B04B7 /* LargeButton.swift */; };
		C00A21D61FAEC27D007B04B7 /* Assets.xcassets in Resources */ = {isa = PBXBuildFile; fileRef = C00A21641FAEC27D007B04B7 /* Assets.xcassets */; };
		C00A21D71FAEC27D007B04B7 /* Assets.xcassets.zip in Resources */ = {isa = PBXBuildFile; fileRef = C00A21651FAEC27D007B04B7 /* Assets.xcassets.zip */; };
		C00A21D81FAEC27D007B04B7 /* Gotham Rounded Bold.otf in Resources */ = {isa = PBXBuildFile; fileRef = C00A21671FAEC27D007B04B7 /* Gotham Rounded Bold.otf */; };
		C00A21D91FAEC27D007B04B7 /* Gotham Rounded Medium.otf in Resources */ = {isa = PBXBuildFile; fileRef = C00A21681FAEC27D007B04B7 /* Gotham Rounded Medium.otf */; };
		C00A21DA1FAEC27D007B04B7 /* LaunchScreen.storyboard in Resources */ = {isa = PBXBuildFile; fileRef = C00A216A1FAEC27D007B04B7 /* LaunchScreen.storyboard */; };
		C00A21DB1FAEC27D007B04B7 /* lists.storyboard in Resources */ = {isa = PBXBuildFile; fileRef = C00A216B1FAEC27D007B04B7 /* lists.storyboard */; };
		C00A21DC1FAEC27D007B04B7 /* login.storyboard in Resources */ = {isa = PBXBuildFile; fileRef = C00A216C1FAEC27D007B04B7 /* login.storyboard */; };
		C00A21DD1FAEC27D007B04B7 /* main.storyboard in Resources */ = {isa = PBXBuildFile; fileRef = C00A216D1FAEC27D007B04B7 /* main.storyboard */; };
		C00A21DE1FAEC27D007B04B7 /* order.storyboard in Resources */ = {isa = PBXBuildFile; fileRef = C00A216E1FAEC27D007B04B7 /* order.storyboard */; };
		C00A21DF1FAEC27D007B04B7 /* packer.storyboard in Resources */ = {isa = PBXBuildFile; fileRef = C00A216F1FAEC27D007B04B7 /* packer.storyboard */; };
		C00A21E01FAEC27D007B04B7 /* settings.storyboard in Resources */ = {isa = PBXBuildFile; fileRef = C00A21701FAEC27D007B04B7 /* settings.storyboard */; };
		C00A21E11FAEC27D007B04B7 /* status.storyboard in Resources */ = {isa = PBXBuildFile; fileRef = C00A21711FAEC27D007B04B7 /* status.storyboard */; };
		C01EDF361FB6C78D00A7A0CA /* MeVC.swift in Sources */ = {isa = PBXBuildFile; fileRef = C01EDF351FB6C78D00A7A0CA /* MeVC.swift */; };
		C029E8B91FB6968E007E1EE4 /* ItemCollectionViewCell.swift in Sources */ = {isa = PBXBuildFile; fileRef = C029E8B71FB6968E007E1EE4 /* ItemCollectionViewCell.swift */; };
		C029E8BA1FB6968E007E1EE4 /* ItemCollectionViewCell.xib in Resources */ = {isa = PBXBuildFile; fileRef = C029E8B81FB6968E007E1EE4 /* ItemCollectionViewCell.xib */; };
		C02A02151FBA0DE300DC3DDD /* ItemGroupTableViewCell.swift in Sources */ = {isa = PBXBuildFile; fileRef = C02A02131FBA0DE300DC3DDD /* ItemGroupTableViewCell.swift */; };
		C02A02161FBA0DE300DC3DDD /* ItemGroupTableViewCell.xib in Resources */ = {isa = PBXBuildFile; fileRef = C02A02141FBA0DE300DC3DDD /* ItemGroupTableViewCell.xib */; };
		C0452ED21FB5120400240CFF /* MainTabVC.swift in Sources */ = {isa = PBXBuildFile; fileRef = C0452ED11FB5120400240CFF /* MainTabVC.swift */; };
		C06331A01FB6A48100FA8EFC /* ItemDataSource.swift in Sources */ = {isa = PBXBuildFile; fileRef = C063319F1FB6A48100FA8EFC /* ItemDataSource.swift */; };
		C06331A21FB6A4BE00FA8EFC /* ItemDelegate.swift in Sources */ = {isa = PBXBuildFile; fileRef = C06331A11FB6A4BE00FA8EFC /* ItemDelegate.swift */; };
		C06331A51FB6A97C00FA8EFC /* ViewConstants.swift in Sources */ = {isa = PBXBuildFile; fileRef = C06331A41FB6A97C00FA8EFC /* ViewConstants.swift */; };
		C06BE63D1FBD3F6A00302D8A /* InstructionsVC.swift in Sources */ = {isa = PBXBuildFile; fileRef = C06BE63C1FBD3F6A00302D8A /* InstructionsVC.swift */; };
		C0C6C7A81FB8ECCC00EF9968 /* AisleVC.swift in Sources */ = {isa = PBXBuildFile; fileRef = C0C6C7A71FB8ECCC00EF9968 /* AisleVC.swift */; };
		C0C8E7071FB69D1500071AE4 /* HomeVC.swift in Sources */ = {isa = PBXBuildFile; fileRef = C0C8E7061FB69D1500071AE4 /* HomeVC.swift */; };
		C0FA39B51FB78C7600F0DC40 /* SearchVC.swift in Sources */ = {isa = PBXBuildFile; fileRef = C0FA39B41FB78C7600F0DC40 /* SearchVC.swift */; };
		C0FA39B71FB7943800F0DC40 /* BrowseVC.swift in Sources */ = {isa = PBXBuildFile; fileRef = C0FA39B61FB7943800F0DC40 /* BrowseVC.swift */; };
		C0FA39BA1FB7972000F0DC40 /* UIBarButtonItem+Badge.m in Sources */ = {isa = PBXBuildFile; fileRef = C0FA39B91FB7972000F0DC40 /* UIBarButtonItem+Badge.m */; };
		C0FA39BD1FB7C37000F0DC40 /* _CartVC.swift in Sources */ = {isa = PBXBuildFile; fileRef = C0FA39BC1FB7C37000F0DC40 /* _CartVC.swift */; };
		C0FA39BF1FB80A4300F0DC40 /* CartItem.swift in Sources */ = {isa = PBXBuildFile; fileRef = C0FA39BE1FB80A4300F0DC40 /* CartItem.swift */; };
/* End PBXBuildFile section */

/* Begin PBXFileReference section */
		694F693165B9B1E6C2292FFC /* Pods_Papaya.framework */ = {isa = PBXFileReference; explicitFileType = wrapper.framework; includeInIndex = 0; path = Pods_Papaya.framework; sourceTree = BUILT_PRODUCTS_DIR; };
		91B9D6317289059D3C89782D /* Pods-Papaya.release.xcconfig */ = {isa = PBXFileReference; includeInIndex = 1; lastKnownFileType = text.xcconfig; name = "Pods-Papaya.release.xcconfig"; path = "Pods/Target Support Files/Pods-Papaya/Pods-Papaya.release.xcconfig"; sourceTree = "<group>"; };
		C00A1EC11FAEBEF6007B04B7 /* Papaya.app */ = {isa = PBXFileReference; explicitFileType = wrapper.application; includeInIndex = 0; path = Papaya.app; sourceTree = BUILT_PRODUCTS_DIR; };
		C00A20E11FAEC27D007B04B7 /* AppDelegate.swift */ = {isa = PBXFileReference; fileEncoding = 4; lastKnownFileType = sourcecode.swift; path = AppDelegate.swift; sourceTree = "<group>"; };
		C00A20E41FAEC27D007B04B7 /* CompareVC.swift */ = {isa = PBXFileReference; fileEncoding = 4; lastKnownFileType = sourcecode.swift; path = CompareVC.swift; sourceTree = "<group>"; };
		C00A20E51FAEC27D007B04B7 /* DetailItemViewController.swift */ = {isa = PBXFileReference; fileEncoding = 4; lastKnownFileType = sourcecode.swift; path = DetailItemViewController.swift; sourceTree = "<group>"; };
		C00A20E61FAEC27D007B04B7 /* ImageDetailVC.swift */ = {isa = PBXFileReference; fileEncoding = 4; lastKnownFileType = sourcecode.swift; path = ImageDetailVC.swift; sourceTree = "<group>"; };
		C00A20E71FAEC27D007B04B7 /* InventoryVC.swift */ = {isa = PBXFileReference; fileEncoding = 4; lastKnownFileType = sourcecode.swift; path = InventoryVC.swift; sourceTree = "<group>"; };
		C00A20E91FAEC27D007B04B7 /* LaunchScreenViewController.swift */ = {isa = PBXFileReference; fileEncoding = 4; lastKnownFileType = sourcecode.swift; path = LaunchScreenViewController.swift; sourceTree = "<group>"; };
		C00A20EA1FAEC27D007B04B7 /* LoginViewController.swift */ = {isa = PBXFileReference; fileEncoding = 4; lastKnownFileType = sourcecode.swift; path = LoginViewController.swift; sourceTree = "<group>"; };
		C00A20EC1FAEC27D007B04B7 /* SignUpViewController.swift */ = {isa = PBXFileReference; fileEncoding = 4; lastKnownFileType = sourcecode.swift; path = SignUpViewController.swift; sourceTree = "<group>"; };
		C00A20EE1FAEC27D007B04B7 /* EditDetailVC.swift */ = {isa = PBXFileReference; fileEncoding = 4; lastKnownFileType = sourcecode.swift; path = EditDetailVC.swift; sourceTree = "<group>"; };
		C00A20EF1FAEC27D007B04B7 /* ListDetailVC.swift */ = {isa = PBXFileReference; fileEncoding = 4; lastKnownFileType = sourcecode.swift; path = ListDetailVC.swift; sourceTree = "<group>"; };
		C00A20F01FAEC27D007B04B7 /* ListFromOCR.swift */ = {isa = PBXFileReference; fileEncoding = 4; lastKnownFileType = sourcecode.swift; path = ListFromOCR.swift; sourceTree = "<group>"; };
		C00A20F11FAEC27D007B04B7 /* ListsVC.swift */ = {isa = PBXFileReference; fileEncoding = 4; lastKnownFileType = sourcecode.swift; path = ListsVC.swift; sourceTree = "<group>"; };
		C00A20F31FAEC27D007B04B7 /* LoginTextField.swift */ = {isa = PBXFileReference; fileEncoding = 4; lastKnownFileType = sourcecode.swift; path = LoginTextField.swift; sourceTree = "<group>"; };
		C00A20F41FAEC27D007B04B7 /* SignupVC.swift */ = {isa = PBXFileReference; fileEncoding = 4; lastKnownFileType = sourcecode.swift; path = SignupVC.swift; sourceTree = "<group>"; };
		C00A20F61FAEC27D007B04B7 /* ChooseShopViewController.swift */ = {isa = PBXFileReference; fileEncoding = 4; lastKnownFileType = sourcecode.swift; path = ChooseShopViewController.swift; sourceTree = "<group>"; };
		C00A20F81FAEC27D007B04B7 /* CheckoutDeliveryVC.swift */ = {isa = PBXFileReference; fileEncoding = 4; lastKnownFileType = sourcecode.swift; path = CheckoutDeliveryVC.swift; sourceTree = "<group>"; };
		C00A20F91FAEC27D007B04B7 /* CheckoutVC.swift */ = {isa = PBXFileReference; fileEncoding = 4; lastKnownFileType = sourcecode.swift; path = CheckoutVC.swift; sourceTree = "<group>"; };
		C00A20FA1FAEC27D007B04B7 /* Grocery.swift */ = {isa = PBXFileReference; fileEncoding = 4; lastKnownFileType = sourcecode.swift; path = Grocery.swift; sourceTree = "<group>"; };
		C00A20FB1FAEC27D007B04B7 /* GroceryContainerVC.swift */ = {isa = PBXFileReference; fileEncoding = 4; lastKnownFileType = sourcecode.swift; path = GroceryContainerVC.swift; sourceTree = "<group>"; };
		C00A20FD1FAEC27D007B04B7 /* CartVC.swift */ = {isa = PBXFileReference; fileEncoding = 4; lastKnownFileType = sourcecode.swift; path = CartVC.swift; sourceTree = "<group>"; };
		C00A20FE1FAEC27D007B04B7 /* FilterVC.swift */ = {isa = PBXFileReference; fileEncoding = 4; lastKnownFileType = sourcecode.swift; path = FilterVC.swift; sourceTree = "<group>"; };
		C00A20FF1FAEC27D007B04B7 /* ShoppingVC.swift */ = {isa = PBXFileReference; fileEncoding = 4; lastKnownFileType = sourcecode.swift; path = ShoppingVC.swift; sourceTree = "<group>"; };
		C00A21011FAEC27D007B04B7 /* GiveTipVC.swift */ = {isa = PBXFileReference; fileEncoding = 4; lastKnownFileType = sourcecode.swift; path = GiveTipVC.swift; sourceTree = "<group>"; };
		C00A21041FAEC27D007B04B7 /* AddExpress.swift */ = {isa = PBXFileReference; fileEncoding = 4; lastKnownFileType = sourcecode.swift; path = AddExpress.swift; sourceTree = "<group>"; };
		C00A21051FAEC27D007B04B7 /* AddExpress.xib */ = {isa = PBXFileReference; fileEncoding = 4; lastKnownFileType = file.xib; path = AddExpress.xib; sourceTree = "<group>"; };
		C00A21061FAEC27D007B04B7 /* ExpressStatus.swift */ = {isa = PBXFileReference; fileEncoding = 4; lastKnownFileType = sourcecode.swift; path = ExpressStatus.swift; sourceTree = "<group>"; };
		C00A21071FAEC27D007B04B7 /* ExpressStatus.xib */ = {isa = PBXFileReference; fileEncoding = 4; lastKnownFileType = file.xib; path = ExpressStatus.xib; sourceTree = "<group>"; };
		C00A21081FAEC27D007B04B7 /* MainStatus.swift */ = {isa = PBXFileReference; fileEncoding = 4; lastKnownFileType = sourcecode.swift; path = MainStatus.swift; sourceTree = "<group>"; };
		C00A21091FAEC27D007B04B7 /* MainStatus.xib */ = {isa = PBXFileReference; fileEncoding = 4; lastKnownFileType = file.xib; path = MainStatus.xib; sourceTree = "<group>"; };
		C00A210A1FAEC27D007B04B7 /* OrderSummary.swift */ = {isa = PBXFileReference; fileEncoding = 4; lastKnownFileType = sourcecode.swift; path = OrderSummary.swift; sourceTree = "<group>"; };
		C00A210B1FAEC27D007B04B7 /* OrderSummary.xib */ = {isa = PBXFileReference; fileEncoding = 4; lastKnownFileType = file.xib; path = OrderSummary.xib; sourceTree = "<group>"; };
		C00A210C1FAEC27D007B04B7 /* PersonCell.swift */ = {isa = PBXFileReference; fileEncoding = 4; lastKnownFileType = sourcecode.swift; path = PersonCell.swift; sourceTree = "<group>"; };
		C00A210D1FAEC27D007B04B7 /* PersonCell.xib */ = {isa = PBXFileReference; fileEncoding = 4; lastKnownFileType = file.xib; path = PersonCell.xib; sourceTree = "<group>"; };
		C00A210F1FAEC27D007B04B7 /* DeliveryStatus.swift */ = {isa = PBXFileReference; fileEncoding = 4; lastKnownFileType = sourcecode.swift; path = DeliveryStatus.swift; sourceTree = "<group>"; };
		C00A21101FAEC27D007B04B7 /* DeliveryStatus.xib */ = {isa = PBXFileReference; fileEncoding = 4; lastKnownFileType = file.xib; path = DeliveryStatus.xib; sourceTree = "<group>"; };
		C00A21121FAEC27D007B04B7 /* FinishButton.swift */ = {isa = PBXFileReference; fileEncoding = 4; lastKnownFileType = sourcecode.swift; path = FinishButton.swift; sourceTree = "<group>"; };
		C00A21131FAEC27D007B04B7 /* FinishButton.xib */ = {isa = PBXFileReference; fileEncoding = 4; lastKnownFileType = file.xib; path = FinishButton.xib; sourceTree = "<group>"; };
		C00A21141FAEC27D007B04B7 /* PriceBreakdown.swift */ = {isa = PBXFileReference; fileEncoding = 4; lastKnownFileType = sourcecode.swift; path = PriceBreakdown.swift; sourceTree = "<group>"; };
		C00A21151FAEC27D007B04B7 /* PriceBreakdown.xib */ = {isa = PBXFileReference; fileEncoding = 4; lastKnownFileType = file.xib; path = PriceBreakdown.xib; sourceTree = "<group>"; };
		C00A21171FAEC27D007B04B7 /* PackingDetail.swift */ = {isa = PBXFileReference; fileEncoding = 4; lastKnownFileType = sourcecode.swift; path = PackingDetail.swift; sourceTree = "<group>"; };
		C00A21181FAEC27D007B04B7 /* PackingDetail.xib */ = {isa = PBXFileReference; fileEncoding = 4; lastKnownFileType = file.xib; path = PackingDetail.xib; sourceTree = "<group>"; };
		C00A211A1FAEC27D007B04B7 /* StartTip.swift */ = {isa = PBXFileReference; fileEncoding = 4; lastKnownFileType = sourcecode.swift; path = StartTip.swift; sourceTree = "<group>"; };
		C00A211B1FAEC27D007B04B7 /* StartTip.xib */ = {isa = PBXFileReference; fileEncoding = 4; lastKnownFileType = file.xib; path = StartTip.xib; sourceTree = "<group>"; };
		C00A211C1FAEC27D007B04B7 /* StatusCell.swift */ = {isa = PBXFileReference; fileEncoding = 4; lastKnownFileType = sourcecode.swift; path = StatusCell.swift; sourceTree = "<group>"; };
		C00A211E1FAEC27D007B04B7 /* OrderSummaryVC.swift */ = {isa = PBXFileReference; fileEncoding = 4; lastKnownFileType = sourcecode.swift; path = OrderSummaryVC.swift; sourceTree = "<group>"; };
		C00A211F1FAEC27D007B04B7 /* SupportVC.swift */ = {isa = PBXFileReference; fileEncoding = 4; lastKnownFileType = sourcecode.swift; path = SupportVC.swift; sourceTree = "<group>"; };
		C00A21201FAEC27D007B04B7 /* TipVC.swift */ = {isa = PBXFileReference; fileEncoding = 4; lastKnownFileType = sourcecode.swift; path = TipVC.swift; sourceTree = "<group>"; };
		C00A21211FAEC27D007B04B7 /* StatusSupportVC.swift */ = {isa = PBXFileReference; fileEncoding = 4; lastKnownFileType = sourcecode.swift; path = StatusSupportVC.swift; sourceTree = "<group>"; };
		C00A21221FAEC27D007B04B7 /* StatusVC.swift */ = {isa = PBXFileReference; fileEncoding = 4; lastKnownFileType = sourcecode.swift; path = StatusVC.swift; sourceTree = "<group>"; };
		C00A21231FAEC27D007B04B7 /* StatusViewController.swift */ = {isa = PBXFileReference; fileEncoding = 4; lastKnownFileType = sourcecode.swift; path = StatusViewController.swift; sourceTree = "<group>"; };
		C00A21251FAEC27D007B04B7 /* AnomalyVC.swift */ = {isa = PBXFileReference; fileEncoding = 4; lastKnownFileType = sourcecode.swift; path = AnomalyVC.swift; sourceTree = "<group>"; };
		C00A21261FAEC27D007B04B7 /* BaseVC.swift */ = {isa = PBXFileReference; fileEncoding = 4; lastKnownFileType = sourcecode.swift; path = BaseVC.swift; sourceTree = "<group>"; };
		C00A21271FAEC27D007B04B7 /* DeliverVC.swift */ = {isa = PBXFileReference; fileEncoding = 4; lastKnownFileType = sourcecode.swift; path = DeliverVC.swift; sourceTree = "<group>"; };
		C00A21281FAEC27D007B04B7 /* PackerVC.swift */ = {isa = PBXFileReference; fileEncoding = 4; lastKnownFileType = sourcecode.swift; path = PackerVC.swift; sourceTree = "<group>"; };
		C00A21291FAEC27D007B04B7 /* PackOrderVC.swift */ = {isa = PBXFileReference; fileEncoding = 4; lastKnownFileType = sourcecode.swift; path = PackOrderVC.swift; sourceTree = "<group>"; };
		C00A212B1FAEC27D007B04B7 /* AdvancedVC.swift */ = {isa = PBXFileReference; fileEncoding = 4; lastKnownFileType = sourcecode.swift; path = AdvancedVC.swift; sourceTree = "<group>"; };
		C00A212C1FAEC27D007B04B7 /* EmailVC.swift */ = {isa = PBXFileReference; fileEncoding = 4; lastKnownFileType = sourcecode.swift; path = EmailVC.swift; sourceTree = "<group>"; };
		C00A212D1FAEC27D007B04B7 /* NameVC.swift */ = {isa = PBXFileReference; fileEncoding = 4; lastKnownFileType = sourcecode.swift; path = NameVC.swift; sourceTree = "<group>"; };
		C00A212E1FAEC27D007B04B7 /* PasswordVC.swift */ = {isa = PBXFileReference; fileEncoding = 4; lastKnownFileType = sourcecode.swift; path = PasswordVC.swift; sourceTree = "<group>"; };
		C00A212F1FAEC27D007B04B7 /* PaymentVC.swift */ = {isa = PBXFileReference; fileEncoding = 4; lastKnownFileType = sourcecode.swift; path = PaymentVC.swift; sourceTree = "<group>"; };
		C00A21301FAEC27D007B04B7 /* SettingsInfoVC.swift */ = {isa = PBXFileReference; fileEncoding = 4; lastKnownFileType = sourcecode.swift; path = SettingsInfoVC.swift; sourceTree = "<group>"; };
		C00A21311FAEC27D007B04B7 /* SettingsVC.swift */ = {isa = PBXFileReference; fileEncoding = 4; lastKnownFileType = sourcecode.swift; path = SettingsVC.swift; sourceTree = "<group>"; };
		C00A21331FAEC27D007B04B7 /* AlertHelper.swift */ = {isa = PBXFileReference; fileEncoding = 4; lastKnownFileType = sourcecode.swift; path = AlertHelper.swift; sourceTree = "<group>"; };
		C00A21351FAEC27D007B04B7 /* UIViewController+BackButtonHandler.h */ = {isa = PBXFileReference; fileEncoding = 4; lastKnownFileType = sourcecode.c.h; path = "UIViewController+BackButtonHandler.h"; sourceTree = "<group>"; };
		C00A21361FAEC27D007B04B7 /* UIViewController+BackButtonHandler.m */ = {isa = PBXFileReference; fileEncoding = 4; lastKnownFileType = sourcecode.c.objc; path = "UIViewController+BackButtonHandler.m"; sourceTree = "<group>"; };
		C00A21371FAEC27D007B04B7 /* Extensions.swift */ = {isa = PBXFileReference; fileEncoding = 4; lastKnownFileType = sourcecode.swift; path = Extensions.swift; sourceTree = "<group>"; };
		C00A21381FAEC27D007B04B7 /* Info.plist */ = {isa = PBXFileReference; fileEncoding = 4; lastKnownFileType = text.plist.xml; path = Info.plist; sourceTree = "<group>"; };
		C00A21391FAEC27D007B04B7 /* Reachability.swift */ = {isa = PBXFileReference; fileEncoding = 4; lastKnownFileType = sourcecode.swift; path = Reachability.swift; sourceTree = "<group>"; };
		C00A213A1FAEC27D007B04B7 /* StoryboardHandler.swift */ = {isa = PBXFileReference; fileEncoding = 4; lastKnownFileType = sourcecode.swift; path = StoryboardHandler.swift; sourceTree = "<group>"; };
		C00A213C1FAEC27D007B04B7 /* Request+Image.swift */ = {isa = PBXFileReference; fileEncoding = 4; lastKnownFileType = sourcecode.swift; path = "Request+Image.swift"; sourceTree = "<group>"; };
		C00A213D1FAEC27D007B04B7 /* Request.swift */ = {isa = PBXFileReference; fileEncoding = 4; lastKnownFileType = sourcecode.swift; path = Request.swift; sourceTree = "<group>"; };
		C00A214A1FAEC27D007B04B7 /* Colors.swift */ = {isa = PBXFileReference; fileEncoding = 4; lastKnownFileType = sourcecode.swift; path = Colors.swift; sourceTree = "<group>"; };
		C00A214B1FAEC27D007B04B7 /* Constants.swift */ = {isa = PBXFileReference; fileEncoding = 4; lastKnownFileType = sourcecode.swift; path = Constants.swift; sourceTree = "<group>"; };
		C00A214C1FAEC27D007B04B7 /* Cart.swift */ = {isa = PBXFileReference; fileEncoding = 4; lastKnownFileType = sourcecode.swift; path = Cart.swift; sourceTree = "<group>"; };
		C00A214D1FAEC27D007B04B7 /* Item.swift */ = {isa = PBXFileReference; fileEncoding = 4; lastKnownFileType = sourcecode.swift; path = Item.swift; sourceTree = "<group>"; };
		C00A214E1FAEC27D007B04B7 /* Location.swift */ = {isa = PBXFileReference; fileEncoding = 4; lastKnownFileType = sourcecode.swift; path = Location.swift; sourceTree = "<group>"; };
		C00A214F1FAEC27D007B04B7 /* PrePackedObject.swift */ = {isa = PBXFileReference; fileEncoding = 4; lastKnownFileType = sourcecode.swift; path = PrePackedObject.swift; sourceTree = "<group>"; };
		C00A21501FAEC27D007B04B7 /* Shop.swift */ = {isa = PBXFileReference; fileEncoding = 4; lastKnownFileType = sourcecode.swift; path = Shop.swift; sourceTree = "<group>"; };
		C00A21511FAEC27D007B04B7 /* User.swift */ = {isa = PBXFileReference; fileEncoding = 4; lastKnownFileType = sourcecode.swift; path = User.swift; sourceTree = "<group>"; };
		C00A21561FAEC27D007B04B7 /* DeliveryTextField.swift */ = {isa = PBXFileReference; fileEncoding = 4; lastKnownFileType = sourcecode.swift; path = DeliveryTextField.swift; sourceTree = "<group>"; };
		C00A21571FAEC27D007B04B7 /* DrawView.swift */ = {isa = PBXFileReference; fileEncoding = 4; lastKnownFileType = sourcecode.swift; path = DrawView.swift; sourceTree = "<group>"; };
		C00A21581FAEC27D007B04B7 /* DSGradientProgressView.swift */ = {isa = PBXFileReference; fileEncoding = 4; lastKnownFileType = sourcecode.swift; path = DSGradientProgressView.swift; sourceTree = "<group>"; };
		C00A21591FAEC27D007B04B7 /* LargeButton.swift */ = {isa = PBXFileReference; fileEncoding = 4; lastKnownFileType = sourcecode.swift; path = LargeButton.swift; sourceTree = "<group>"; };
		C00A21641FAEC27D007B04B7 /* Assets.xcassets */ = {isa = PBXFileReference; lastKnownFileType = folder.assetcatalog; path = Assets.xcassets; sourceTree = "<group>"; };
		C00A21651FAEC27D007B04B7 /* Assets.xcassets.zip */ = {isa = PBXFileReference; lastKnownFileType = archive.zip; path = Assets.xcassets.zip; sourceTree = "<group>"; };
		C00A21671FAEC27D007B04B7 /* Gotham Rounded Bold.otf */ = {isa = PBXFileReference; lastKnownFileType = file; path = "Gotham Rounded Bold.otf"; sourceTree = "<group>"; };
		C00A21681FAEC27D007B04B7 /* Gotham Rounded Medium.otf */ = {isa = PBXFileReference; lastKnownFileType = file; path = "Gotham Rounded Medium.otf"; sourceTree = "<group>"; };
		C00A216A1FAEC27D007B04B7 /* LaunchScreen.storyboard */ = {isa = PBXFileReference; fileEncoding = 4; lastKnownFileType = file.storyboard; path = LaunchScreen.storyboard; sourceTree = "<group>"; };
		C00A216B1FAEC27D007B04B7 /* lists.storyboard */ = {isa = PBXFileReference; fileEncoding = 4; lastKnownFileType = file.storyboard; path = lists.storyboard; sourceTree = "<group>"; };
		C00A216C1FAEC27D007B04B7 /* login.storyboard */ = {isa = PBXFileReference; fileEncoding = 4; lastKnownFileType = file.storyboard; path = login.storyboard; sourceTree = "<group>"; };
		C00A216D1FAEC27D007B04B7 /* main.storyboard */ = {isa = PBXFileReference; fileEncoding = 4; lastKnownFileType = file.storyboard; path = main.storyboard; sourceTree = "<group>"; };
		C00A216E1FAEC27D007B04B7 /* order.storyboard */ = {isa = PBXFileReference; fileEncoding = 4; lastKnownFileType = file.storyboard; path = order.storyboard; sourceTree = "<group>"; };
		C00A216F1FAEC27D007B04B7 /* packer.storyboard */ = {isa = PBXFileReference; fileEncoding = 4; lastKnownFileType = file.storyboard; path = packer.storyboard; sourceTree = "<group>"; };
		C00A21701FAEC27D007B04B7 /* settings.storyboard */ = {isa = PBXFileReference; fileEncoding = 4; lastKnownFileType = file.storyboard; path = settings.storyboard; sourceTree = "<group>"; };
		C00A21711FAEC27D007B04B7 /* status.storyboard */ = {isa = PBXFileReference; fileEncoding = 4; lastKnownFileType = file.storyboard; path = status.storyboard; sourceTree = "<group>"; };
		C00A21E21FAF7C8C007B04B7 /* Papaya-Bridging-Header.h */ = {isa = PBXFileReference; lastKnownFileType = sourcecode.c.h; path = "Papaya-Bridging-Header.h"; sourceTree = "<group>"; };
		C01EDF351FB6C78D00A7A0CA /* MeVC.swift */ = {isa = PBXFileReference; lastKnownFileType = sourcecode.swift; path = MeVC.swift; sourceTree = "<group>"; };
		C029E8B71FB6968E007E1EE4 /* ItemCollectionViewCell.swift */ = {isa = PBXFileReference; lastKnownFileType = sourcecode.swift; path = ItemCollectionViewCell.swift; sourceTree = "<group>"; };
		C029E8B81FB6968E007E1EE4 /* ItemCollectionViewCell.xib */ = {isa = PBXFileReference; lastKnownFileType = file.xib; path = ItemCollectionViewCell.xib; sourceTree = "<group>"; };
		C02A02131FBA0DE300DC3DDD /* ItemGroupTableViewCell.swift */ = {isa = PBXFileReference; lastKnownFileType = sourcecode.swift; path = ItemGroupTableViewCell.swift; sourceTree = "<group>"; };
		C02A02141FBA0DE300DC3DDD /* ItemGroupTableViewCell.xib */ = {isa = PBXFileReference; lastKnownFileType = file.xib; path = ItemGroupTableViewCell.xib; sourceTree = "<group>"; };
		C0452ED11FB5120400240CFF /* MainTabVC.swift */ = {isa = PBXFileReference; lastKnownFileType = sourcecode.swift; path = MainTabVC.swift; sourceTree = "<group>"; };
		C063319F1FB6A48100FA8EFC /* ItemDataSource.swift */ = {isa = PBXFileReference; lastKnownFileType = sourcecode.swift; path = ItemDataSource.swift; sourceTree = "<group>"; };
		C06331A11FB6A4BE00FA8EFC /* ItemDelegate.swift */ = {isa = PBXFileReference; lastKnownFileType = sourcecode.swift; path = ItemDelegate.swift; sourceTree = "<group>"; };
		C06331A41FB6A97C00FA8EFC /* ViewConstants.swift */ = {isa = PBXFileReference; lastKnownFileType = sourcecode.swift; path = ViewConstants.swift; sourceTree = "<group>"; };
		C06BE63C1FBD3F6A00302D8A /* InstructionsVC.swift */ = {isa = PBXFileReference; lastKnownFileType = sourcecode.swift; path = InstructionsVC.swift; sourceTree = "<group>"; };
		C0C6C7A71FB8ECCC00EF9968 /* AisleVC.swift */ = {isa = PBXFileReference; lastKnownFileType = sourcecode.swift; path = AisleVC.swift; sourceTree = "<group>"; };
		C0C8E7061FB69D1500071AE4 /* HomeVC.swift */ = {isa = PBXFileReference; lastKnownFileType = sourcecode.swift; path = HomeVC.swift; sourceTree = "<group>"; };
		C0FA39B41FB78C7600F0DC40 /* SearchVC.swift */ = {isa = PBXFileReference; lastKnownFileType = sourcecode.swift; path = SearchVC.swift; sourceTree = "<group>"; };
		C0FA39B61FB7943800F0DC40 /* BrowseVC.swift */ = {isa = PBXFileReference; lastKnownFileType = sourcecode.swift; path = BrowseVC.swift; sourceTree = "<group>"; };
		C0FA39B91FB7972000F0DC40 /* UIBarButtonItem+Badge.m */ = {isa = PBXFileReference; lastKnownFileType = sourcecode.c.objc; path = "UIBarButtonItem+Badge.m"; sourceTree = "<group>"; };
		C0FA39BB1FB7973100F0DC40 /* UIBarButtonItem+Badge.h */ = {isa = PBXFileReference; lastKnownFileType = sourcecode.c.h; path = "UIBarButtonItem+Badge.h"; sourceTree = "<group>"; };
		C0FA39BC1FB7C37000F0DC40 /* _CartVC.swift */ = {isa = PBXFileReference; lastKnownFileType = sourcecode.swift; path = _CartVC.swift; sourceTree = "<group>"; };
		C0FA39BE1FB80A4300F0DC40 /* CartItem.swift */ = {isa = PBXFileReference; lastKnownFileType = sourcecode.swift; path = CartItem.swift; sourceTree = "<group>"; };
		F0C28D1A4F9B5F12E794D237 /* Pods-Papaya.debug.xcconfig */ = {isa = PBXFileReference; includeInIndex = 1; lastKnownFileType = text.xcconfig; name = "Pods-Papaya.debug.xcconfig"; path = "Pods/Target Support Files/Pods-Papaya/Pods-Papaya.debug.xcconfig"; sourceTree = "<group>"; };
/* End PBXFileReference section */

/* Begin PBXFrameworksBuildPhase section */
		C00A1EBE1FAEBEF6007B04B7 /* Frameworks */ = {
			isa = PBXFrameworksBuildPhase;
			buildActionMask = 2147483647;
			files = (
				5177A37D95D99615DD5CB95F /* Pods_Papaya.framework in Frameworks */,
			);
			runOnlyForDeploymentPostprocessing = 0;
		};
/* End PBXFrameworksBuildPhase section */

/* Begin PBXGroup section */
		07146E8E12431E6F578B6FE1 /* Frameworks */ = {
			isa = PBXGroup;
			children = (
				694F693165B9B1E6C2292FFC /* Pods_Papaya.framework */,
			);
			name = Frameworks;
			sourceTree = "<group>";
		};
		C00A1EB81FAEBEF6007B04B7 = {
			isa = PBXGroup;
			children = (
				C00A20E01FAEC27D007B04B7 /* Source */,
				C00A21631FAEC27D007B04B7 /* Assets */,
				C00A1EC21FAEBEF6007B04B7 /* Products */,
				EA8A687E4497102307E08030 /* Pods */,
				07146E8E12431E6F578B6FE1 /* Frameworks */,
			);
			sourceTree = "<group>";
		};
		C00A1EC21FAEBEF6007B04B7 /* Products */ = {
			isa = PBXGroup;
			children = (
				C00A1EC11FAEBEF6007B04B7 /* Papaya.app */,
			);
			name = Products;
			sourceTree = "<group>";
		};
		C00A20E01FAEC27D007B04B7 /* Source */ = {
			isa = PBXGroup;
			children = (
				C06331A31FB6A96D00FA8EFC /* ViewModel */,
				C00A20E11FAEC27D007B04B7 /* AppDelegate.swift */,
				C00A21E21FAF7C8C007B04B7 /* Papaya-Bridging-Header.h */,
				C00A20E21FAEC27D007B04B7 /* Controller */,
				C00A21321FAEC27D007B04B7 /* Extra */,
				C00A213B1FAEC27D007B04B7 /* HTTP */,
				C00A21491FAEC27D007B04B7 /* Model */,
				C00A21531FAEC27D007B04B7 /* UI */,
			);
			path = Source;
			sourceTree = "<group>";
		};
		C00A20E21FAEC27D007B04B7 /* Controller */ = {
			isa = PBXGroup;
			children = (
				C00A20E31FAEC27D007B04B7 /* Inventory */,
				C00A20E81FAEC27D007B04B7 /* Launch */,
				C00A20ED1FAEC27D007B04B7 /* List */,
				C00A20F21FAEC27D007B04B7 /* Login */,
				C00A20F51FAEC27D007B04B7 /* Order */,
				C00A21241FAEC27D007B04B7 /* Packer */,
				C00A212A1FAEC27D007B04B7 /* Settings */,
				C0452ED11FB5120400240CFF /* MainTabVC.swift */,
				C01EDF351FB6C78D00A7A0CA /* MeVC.swift */,
				C0FA39B61FB7943800F0DC40 /* BrowseVC.swift */,
				C0FA39BC1FB7C37000F0DC40 /* _CartVC.swift */,
				C06BE63C1FBD3F6A00302D8A /* InstructionsVC.swift */,
				C0C8E7061FB69D1500071AE4 /* HomeVC.swift */,
				C0C6C7A71FB8ECCC00EF9968 /* AisleVC.swift */,
				C0FA39B41FB78C7600F0DC40 /* SearchVC.swift */,
			);
			path = Controller;
			sourceTree = "<group>";
		};
		C00A20E31FAEC27D007B04B7 /* Inventory */ = {
			isa = PBXGroup;
			children = (
				C00A20E41FAEC27D007B04B7 /* CompareVC.swift */,
				C00A20E51FAEC27D007B04B7 /* DetailItemViewController.swift */,
				C00A20E61FAEC27D007B04B7 /* ImageDetailVC.swift */,
				C00A20E71FAEC27D007B04B7 /* InventoryVC.swift */,
			);
			path = Inventory;
			sourceTree = "<group>";
		};
		C00A20E81FAEC27D007B04B7 /* Launch */ = {
			isa = PBXGroup;
			children = (
				C00A20E91FAEC27D007B04B7 /* LaunchScreenViewController.swift */,
				C00A20EA1FAEC27D007B04B7 /* LoginViewController.swift */,
				C00A20EC1FAEC27D007B04B7 /* SignUpViewController.swift */,
			);
			path = Launch;
			sourceTree = "<group>";
		};
		C00A20ED1FAEC27D007B04B7 /* List */ = {
			isa = PBXGroup;
			children = (
				C00A20EE1FAEC27D007B04B7 /* EditDetailVC.swift */,
				C00A20EF1FAEC27D007B04B7 /* ListDetailVC.swift */,
				C00A20F01FAEC27D007B04B7 /* ListFromOCR.swift */,
				C00A20F11FAEC27D007B04B7 /* ListsVC.swift */,
			);
			path = List;
			sourceTree = "<group>";
		};
		C00A20F21FAEC27D007B04B7 /* Login */ = {
			isa = PBXGroup;
			children = (
				C00A20F31FAEC27D007B04B7 /* LoginTextField.swift */,
				C00A20F41FAEC27D007B04B7 /* SignupVC.swift */,
			);
			path = Login;
			sourceTree = "<group>";
		};
		C00A20F51FAEC27D007B04B7 /* Order */ = {
			isa = PBXGroup;
			children = (
				C00A20F61FAEC27D007B04B7 /* ChooseShopViewController.swift */,
				C00A20F71FAEC27D007B04B7 /* Grocery */,
				C00A21001FAEC27D007B04B7 /* Status */,
			);
			path = Order;
			sourceTree = "<group>";
		};
		C00A20F71FAEC27D007B04B7 /* Grocery */ = {
			isa = PBXGroup;
			children = (
				C00A20F81FAEC27D007B04B7 /* CheckoutDeliveryVC.swift */,
				C00A20F91FAEC27D007B04B7 /* CheckoutVC.swift */,
				C00A20FA1FAEC27D007B04B7 /* Grocery.swift */,
				C00A20FB1FAEC27D007B04B7 /* GroceryContainerVC.swift */,
				C00A20FC1FAEC27D007B04B7 /* GroceryVCs */,
			);
			path = Grocery;
			sourceTree = "<group>";
		};
		C00A20FC1FAEC27D007B04B7 /* GroceryVCs */ = {
			isa = PBXGroup;
			children = (
				C00A20FD1FAEC27D007B04B7 /* CartVC.swift */,
				C00A20FE1FAEC27D007B04B7 /* FilterVC.swift */,
				C00A20FF1FAEC27D007B04B7 /* ShoppingVC.swift */,
			);
			path = GroceryVCs;
			sourceTree = "<group>";
		};
		C00A21001FAEC27D007B04B7 /* Status */ = {
			isa = PBXGroup;
			children = (
				C00A21011FAEC27D007B04B7 /* GiveTipVC.swift */,
				C00A21021FAEC27D007B04B7 /* Modules */,
				C00A211D1FAEC27D007B04B7 /* Overlays */,
				C00A21211FAEC27D007B04B7 /* StatusSupportVC.swift */,
				C00A21221FAEC27D007B04B7 /* StatusVC.swift */,
				C00A21231FAEC27D007B04B7 /* StatusViewController.swift */,
			);
			path = Status;
			sourceTree = "<group>";
		};
		C00A21021FAEC27D007B04B7 /* Modules */ = {
			isa = PBXGroup;
			children = (
				C00A21031FAEC27D007B04B7 /* All */,
				C00A210E1FAEC27D007B04B7 /* Delivery */,
				C00A21111FAEC27D007B04B7 /* Finished */,
				C00A21161FAEC27D007B04B7 /* Packing */,
				C00A21191FAEC27D007B04B7 /* Sent */,
				C00A211C1FAEC27D007B04B7 /* StatusCell.swift */,
			);
			path = Modules;
			sourceTree = "<group>";
		};
		C00A21031FAEC27D007B04B7 /* All */ = {
			isa = PBXGroup;
			children = (
				C00A21041FAEC27D007B04B7 /* AddExpress.swift */,
				C00A21051FAEC27D007B04B7 /* AddExpress.xib */,
				C00A21061FAEC27D007B04B7 /* ExpressStatus.swift */,
				C00A21071FAEC27D007B04B7 /* ExpressStatus.xib */,
				C00A21081FAEC27D007B04B7 /* MainStatus.swift */,
				C00A21091FAEC27D007B04B7 /* MainStatus.xib */,
				C00A210A1FAEC27D007B04B7 /* OrderSummary.swift */,
				C00A210B1FAEC27D007B04B7 /* OrderSummary.xib */,
				C00A210C1FAEC27D007B04B7 /* PersonCell.swift */,
				C00A210D1FAEC27D007B04B7 /* PersonCell.xib */,
			);
			path = All;
			sourceTree = "<group>";
		};
		C00A210E1FAEC27D007B04B7 /* Delivery */ = {
			isa = PBXGroup;
			children = (
				C00A210F1FAEC27D007B04B7 /* DeliveryStatus.swift */,
				C00A21101FAEC27D007B04B7 /* DeliveryStatus.xib */,
			);
			path = Delivery;
			sourceTree = "<group>";
		};
		C00A21111FAEC27D007B04B7 /* Finished */ = {
			isa = PBXGroup;
			children = (
				C00A21121FAEC27D007B04B7 /* FinishButton.swift */,
				C00A21131FAEC27D007B04B7 /* FinishButton.xib */,
				C00A21141FAEC27D007B04B7 /* PriceBreakdown.swift */,
				C00A21151FAEC27D007B04B7 /* PriceBreakdown.xib */,
			);
			path = Finished;
			sourceTree = "<group>";
		};
		C00A21161FAEC27D007B04B7 /* Packing */ = {
			isa = PBXGroup;
			children = (
				C00A21171FAEC27D007B04B7 /* PackingDetail.swift */,
				C00A21181FAEC27D007B04B7 /* PackingDetail.xib */,
			);
			path = Packing;
			sourceTree = "<group>";
		};
		C00A21191FAEC27D007B04B7 /* Sent */ = {
			isa = PBXGroup;
			children = (
				C00A211A1FAEC27D007B04B7 /* StartTip.swift */,
				C00A211B1FAEC27D007B04B7 /* StartTip.xib */,
			);
			path = Sent;
			sourceTree = "<group>";
		};
		C00A211D1FAEC27D007B04B7 /* Overlays */ = {
			isa = PBXGroup;
			children = (
				C00A211E1FAEC27D007B04B7 /* OrderSummaryVC.swift */,
				C00A211F1FAEC27D007B04B7 /* SupportVC.swift */,
				C00A21201FAEC27D007B04B7 /* TipVC.swift */,
			);
			path = Overlays;
			sourceTree = "<group>";
		};
		C00A21241FAEC27D007B04B7 /* Packer */ = {
			isa = PBXGroup;
			children = (
				C00A21251FAEC27D007B04B7 /* AnomalyVC.swift */,
				C00A21261FAEC27D007B04B7 /* BaseVC.swift */,
				C00A21271FAEC27D007B04B7 /* DeliverVC.swift */,
				C00A21281FAEC27D007B04B7 /* PackerVC.swift */,
				C00A21291FAEC27D007B04B7 /* PackOrderVC.swift */,
			);
			path = Packer;
			sourceTree = "<group>";
		};
		C00A212A1FAEC27D007B04B7 /* Settings */ = {
			isa = PBXGroup;
			children = (
				C00A212B1FAEC27D007B04B7 /* AdvancedVC.swift */,
				C00A212C1FAEC27D007B04B7 /* EmailVC.swift */,
				C00A212D1FAEC27D007B04B7 /* NameVC.swift */,
				C00A212E1FAEC27D007B04B7 /* PasswordVC.swift */,
				C00A212F1FAEC27D007B04B7 /* PaymentVC.swift */,
				C00A21301FAEC27D007B04B7 /* SettingsInfoVC.swift */,
				C00A21311FAEC27D007B04B7 /* SettingsVC.swift */,
			);
			path = Settings;
			sourceTree = "<group>";
		};
		C00A21321FAEC27D007B04B7 /* Extra */ = {
			isa = PBXGroup;
			children = (
				C00A21331FAEC27D007B04B7 /* AlertHelper.swift */,
				C0FA39B81FB7970300F0DC40 /* UIBarButtonItem+Badge */,
				C00A21341FAEC27D007B04B7 /* BackButtonHandler */,
				C00A21371FAEC27D007B04B7 /* Extensions.swift */,
				C00A21381FAEC27D007B04B7 /* Info.plist */,
				C00A21391FAEC27D007B04B7 /* Reachability.swift */,
				C00A213A1FAEC27D007B04B7 /* StoryboardHandler.swift */,
			);
			path = Extra;
			sourceTree = "<group>";
		};
		C00A21341FAEC27D007B04B7 /* BackButtonHandler */ = {
			isa = PBXGroup;
			children = (
				C00A21351FAEC27D007B04B7 /* UIViewController+BackButtonHandler.h */,
				C00A21361FAEC27D007B04B7 /* UIViewController+BackButtonHandler.m */,
			);
			path = BackButtonHandler;
			sourceTree = "<group>";
		};
		C00A213B1FAEC27D007B04B7 /* HTTP */ = {
			isa = PBXGroup;
			children = (
				C00A213D1FAEC27D007B04B7 /* Request.swift */,
				C00A213C1FAEC27D007B04B7 /* Request+Image.swift */,
			);
			path = HTTP;
			sourceTree = "<group>";
		};
		C00A21491FAEC27D007B04B7 /* Model */ = {
			isa = PBXGroup;
			children = (
				C00A214A1FAEC27D007B04B7 /* Colors.swift */,
				C00A214B1FAEC27D007B04B7 /* Constants.swift */,
				C00A214C1FAEC27D007B04B7 /* Cart.swift */,
				C00A214D1FAEC27D007B04B7 /* Item.swift */,
				C0FA39BE1FB80A4300F0DC40 /* CartItem.swift */,
				C00A214E1FAEC27D007B04B7 /* Location.swift */,
				C00A214F1FAEC27D007B04B7 /* PrePackedObject.swift */,
				C00A21501FAEC27D007B04B7 /* Shop.swift */,
				C00A21511FAEC27D007B04B7 /* User.swift */,
				C063319E1FB6A43000FA8EFC /* CollectionView */,
			);
			path = Model;
			sourceTree = "<group>";
		};
		C00A21531FAEC27D007B04B7 /* UI */ = {
			isa = PBXGroup;
			children = (
				C00A21561FAEC27D007B04B7 /* DeliveryTextField.swift */,
				C00A21571FAEC27D007B04B7 /* DrawView.swift */,
				C00A21581FAEC27D007B04B7 /* DSGradientProgressView.swift */,
				C00A21591FAEC27D007B04B7 /* LargeButton.swift */,
			);
			path = UI;
			sourceTree = "<group>";
		};
		C00A21631FAEC27D007B04B7 /* Assets */ = {
			isa = PBXGroup;
			children = (
				C029E8B61FB69572007E1EE4 /* Views */,
				C00A21641FAEC27D007B04B7 /* Assets.xcassets */,
				C00A21651FAEC27D007B04B7 /* Assets.xcassets.zip */,
				C00A21661FAEC27D007B04B7 /* Fonts */,
				C00A21691FAEC27D007B04B7 /* Storyboards */,
			);
			path = Assets;
			sourceTree = "<group>";
		};
		C00A21661FAEC27D007B04B7 /* Fonts */ = {
			isa = PBXGroup;
			children = (
				C00A21671FAEC27D007B04B7 /* Gotham Rounded Bold.otf */,
				C00A21681FAEC27D007B04B7 /* Gotham Rounded Medium.otf */,
			);
			path = Fonts;
			sourceTree = "<group>";
		};
		C00A21691FAEC27D007B04B7 /* Storyboards */ = {
			isa = PBXGroup;
			children = (
				C00A216A1FAEC27D007B04B7 /* LaunchScreen.storyboard */,
				C00A216D1FAEC27D007B04B7 /* main.storyboard */,
				C00A216B1FAEC27D007B04B7 /* lists.storyboard */,
				C00A216C1FAEC27D007B04B7 /* login.storyboard */,
				C00A216E1FAEC27D007B04B7 /* order.storyboard */,
				C00A216F1FAEC27D007B04B7 /* packer.storyboard */,
				C00A21701FAEC27D007B04B7 /* settings.storyboard */,
				C00A21711FAEC27D007B04B7 /* status.storyboard */,
			);
			path = Storyboards;
			sourceTree = "<group>";
		};
		C029E8B61FB69572007E1EE4 /* Views */ = {
			isa = PBXGroup;
			children = (
				C029E8B71FB6968E007E1EE4 /* ItemCollectionViewCell.swift */,
				C02A02131FBA0DE300DC3DDD /* ItemGroupTableViewCell.swift */,
				C02A02141FBA0DE300DC3DDD /* ItemGroupTableViewCell.xib */,
				C029E8B81FB6968E007E1EE4 /* ItemCollectionViewCell.xib */,
			);
			path = Views;
			sourceTree = "<group>";
		};
		C063319E1FB6A43000FA8EFC /* CollectionView */ = {
			isa = PBXGroup;
			children = (
				C063319F1FB6A48100FA8EFC /* ItemDataSource.swift */,
				C06331A11FB6A4BE00FA8EFC /* ItemDelegate.swift */,
			);
			path = CollectionView;
			sourceTree = "<group>";
		};
		C06331A31FB6A96D00FA8EFC /* ViewModel */ = {
			isa = PBXGroup;
			children = (
				C06331A41FB6A97C00FA8EFC /* ViewConstants.swift */,
			);
			path = ViewModel;
			sourceTree = "<group>";
		};
		C0FA39B81FB7970300F0DC40 /* UIBarButtonItem+Badge */ = {
			isa = PBXGroup;
			children = (
				C0FA39B91FB7972000F0DC40 /* UIBarButtonItem+Badge.m */,
				C0FA39BB1FB7973100F0DC40 /* UIBarButtonItem+Badge.h */,
			);
			path = "UIBarButtonItem+Badge";
			sourceTree = "<group>";
		};
		EA8A687E4497102307E08030 /* Pods */ = {
			isa = PBXGroup;
			children = (
				F0C28D1A4F9B5F12E794D237 /* Pods-Papaya.debug.xcconfig */,
				91B9D6317289059D3C89782D /* Pods-Papaya.release.xcconfig */,
			);
			name = Pods;
			sourceTree = "<group>";
		};
/* End PBXGroup section */

/* Begin PBXNativeTarget section */
		C00A1EC01FAEBEF6007B04B7 /* Papaya */ = {
			isa = PBXNativeTarget;
			buildConfigurationList = C00A1ED31FAEBEF6007B04B7 /* Build configuration list for PBXNativeTarget "Papaya" */;
			buildPhases = (
				F4A05C28BB95F8B216B4530D /* [CP] Check Pods Manifest.lock */,
				C00A1EBD1FAEBEF6007B04B7 /* Sources */,
				C00A1EBE1FAEBEF6007B04B7 /* Frameworks */,
				C00A1EBF1FAEBEF6007B04B7 /* Resources */,
				39147B561DE6DDF1FC719C94 /* [CP] Embed Pods Frameworks */,
				FDABC68516BAE171A6D3375E /* [CP] Copy Pods Resources */,
				C02A02171FBB475600DC3DDD /* ShellScript */,
			);
			buildRules = (
			);
			dependencies = (
			);
			name = Papaya;
			productName = Papaya;
			productReference = C00A1EC11FAEBEF6007B04B7 /* Papaya.app */;
			productType = "com.apple.product-type.application";
		};
/* End PBXNativeTarget section */

/* Begin PBXProject section */
		C00A1EB91FAEBEF6007B04B7 /* Project object */ = {
			isa = PBXProject;
			attributes = {
				LastSwiftUpdateCheck = 0900;
				LastUpgradeCheck = 0900;
				ORGANIZATIONNAME = Papaya;
				TargetAttributes = {
					C00A1EC01FAEBEF6007B04B7 = {
						CreatedOnToolsVersion = 9.0.1;
						ProvisioningStyle = Automatic;
					};
				};
			};
			buildConfigurationList = C00A1EBC1FAEBEF6007B04B7 /* Build configuration list for PBXProject "Papaya" */;
			compatibilityVersion = "Xcode 8.0";
			developmentRegion = en;
			hasScannedForEncodings = 0;
			knownRegions = (
				en,
				Base,
			);
			mainGroup = C00A1EB81FAEBEF6007B04B7;
			productRefGroup = C00A1EC21FAEBEF6007B04B7 /* Products */;
			projectDirPath = "";
			projectRoot = "";
			targets = (
				C00A1EC01FAEBEF6007B04B7 /* Papaya */,
			);
		};
/* End PBXProject section */

/* Begin PBXResourcesBuildPhase section */
		C00A1EBF1FAEBEF6007B04B7 /* Resources */ = {
			isa = PBXResourcesBuildPhase;
			buildActionMask = 2147483647;
			files = (
				C00A21D81FAEC27D007B04B7 /* Gotham Rounded Bold.otf in Resources */,
				C00A21DD1FAEC27D007B04B7 /* main.storyboard in Resources */,
				C00A218D1FAEC27D007B04B7 /* ExpressStatus.xib in Resources */,
				C00A21D91FAEC27D007B04B7 /* Gotham Rounded Medium.otf in Resources */,
				C00A21DB1FAEC27D007B04B7 /* lists.storyboard in Resources */,
				C00A21971FAEC27D007B04B7 /* FinishButton.xib in Resources */,
				C00A218B1FAEC27D007B04B7 /* AddExpress.xib in Resources */,
				C00A21991FAEC27D007B04B7 /* PriceBreakdown.xib in Resources */,
				C00A21D61FAEC27D007B04B7 /* Assets.xcassets in Resources */,
				C029E8BA1FB6968E007E1EE4 /* ItemCollectionViewCell.xib in Resources */,
				C00A21DC1FAEC27D007B04B7 /* login.storyboard in Resources */,
				C00A218F1FAEC27D007B04B7 /* MainStatus.xib in Resources */,
				C00A21E11FAEC27D007B04B7 /* status.storyboard in Resources */,
				C00A21DA1FAEC27D007B04B7 /* LaunchScreen.storyboard in Resources */,
				C00A21931FAEC27D007B04B7 /* PersonCell.xib in Resources */,
				C00A21D71FAEC27D007B04B7 /* Assets.xcassets.zip in Resources */,
				C00A219D1FAEC27D007B04B7 /* StartTip.xib in Resources */,
				C00A21911FAEC27D007B04B7 /* OrderSummary.xib in Resources */,
				C02A02161FBA0DE300DC3DDD /* ItemGroupTableViewCell.xib in Resources */,
				C00A21E01FAEC27D007B04B7 /* settings.storyboard in Resources */,
				C00A21951FAEC27D007B04B7 /* DeliveryStatus.xib in Resources */,
				C00A219B1FAEC27D007B04B7 /* PackingDetail.xib in Resources */,
				C00A21DE1FAEC27D007B04B7 /* order.storyboard in Resources */,
				C00A21DF1FAEC27D007B04B7 /* packer.storyboard in Resources */,
			);
			runOnlyForDeploymentPostprocessing = 0;
		};
/* End PBXResourcesBuildPhase section */

/* Begin PBXShellScriptBuildPhase section */
		39147B561DE6DDF1FC719C94 /* [CP] Embed Pods Frameworks */ = {
			isa = PBXShellScriptBuildPhase;
			buildActionMask = 2147483647;
			files = (
			);
			inputPaths = (
				"${SRCROOT}/Pods/Target Support Files/Pods-Papaya/Pods-Papaya-frameworks.sh",
				"${BUILT_PRODUCTS_DIR}/FLAnimatedImage/FLAnimatedImage.framework",
				"${BUILT_PRODUCTS_DIR}/JVFloatLabeledTextField/JVFloatLabeledTextField.framework",
				"${BUILT_PRODUCTS_DIR}/KeychainAccess/KeychainAccess.framework",
				"${BUILT_PRODUCTS_DIR}/PINCache/PINCache.framework",
				"${BUILT_PRODUCTS_DIR}/PINRemoteImage/PINRemoteImage.framework",
				"${BUILT_PRODUCTS_DIR}/PMAlertController/PMAlertController.framework",
				"${BUILT_PRODUCTS_DIR}/RMPZoomTransitionAnimator/RMPZoomTransitionAnimator.framework",
				"${BUILT_PRODUCTS_DIR}/SnapKit/SnapKit.framework",
				"${BUILT_PRODUCTS_DIR}/SwiftyJSON/SwiftyJSON.framework",
				"${BUILT_PRODUCTS_DIR}/TOMSMorphingLabel/TOMSMorphingLabel.framework",
			);
			name = "[CP] Embed Pods Frameworks";
			outputPaths = (
				"${TARGET_BUILD_DIR}/${FRAMEWORKS_FOLDER_PATH}/FLAnimatedImage.framework",
				"${TARGET_BUILD_DIR}/${FRAMEWORKS_FOLDER_PATH}/JVFloatLabeledTextField.framework",
				"${TARGET_BUILD_DIR}/${FRAMEWORKS_FOLDER_PATH}/KeychainAccess.framework",
				"${TARGET_BUILD_DIR}/${FRAMEWORKS_FOLDER_PATH}/PINCache.framework",
				"${TARGET_BUILD_DIR}/${FRAMEWORKS_FOLDER_PATH}/PINRemoteImage.framework",
				"${TARGET_BUILD_DIR}/${FRAMEWORKS_FOLDER_PATH}/PMAlertController.framework",
				"${TARGET_BUILD_DIR}/${FRAMEWORKS_FOLDER_PATH}/RMPZoomTransitionAnimator.framework",
				"${TARGET_BUILD_DIR}/${FRAMEWORKS_FOLDER_PATH}/SnapKit.framework",
				"${TARGET_BUILD_DIR}/${FRAMEWORKS_FOLDER_PATH}/SwiftyJSON.framework",
				"${TARGET_BUILD_DIR}/${FRAMEWORKS_FOLDER_PATH}/TOMSMorphingLabel.framework",
			);
			runOnlyForDeploymentPostprocessing = 0;
			shellPath = /bin/sh;
			shellScript = "\"${SRCROOT}/Pods/Target Support Files/Pods-Papaya/Pods-Papaya-frameworks.sh\"\n";
			showEnvVarsInLog = 0;
		};
		C02A02171FBB475600DC3DDD /* ShellScript */ = {
			isa = PBXShellScriptBuildPhase;
			buildActionMask = 2147483647;
			files = (
			);
			inputPaths = (
			);
			outputPaths = (
			);
			runOnlyForDeploymentPostprocessing = 0;
			shellPath = /bin/bash;
			shellScript = "#!/bin/bash\nbuildNumber=$(/usr/libexec/PlistBuddy -c \"Print CFBundleVersion\" \"$INFOPLIST_FILE\")\nbuildNumber=$(($buildNumber + 1))\n/usr/libexec/PlistBuddy -c \"Set :CFBundleVersion $buildNumber\" \"$INFOPLIST_FILE\"";
		};
		F4A05C28BB95F8B216B4530D /* [CP] Check Pods Manifest.lock */ = {
			isa = PBXShellScriptBuildPhase;
			buildActionMask = 2147483647;
			files = (
			);
			inputPaths = (
				"${PODS_PODFILE_DIR_PATH}/Podfile.lock",
				"${PODS_ROOT}/Manifest.lock",
			);
			name = "[CP] Check Pods Manifest.lock";
			outputPaths = (
				"$(DERIVED_FILE_DIR)/Pods-Papaya-checkManifestLockResult.txt",
			);
			runOnlyForDeploymentPostprocessing = 0;
			shellPath = /bin/sh;
			shellScript = "diff \"${PODS_PODFILE_DIR_PATH}/Podfile.lock\" \"${PODS_ROOT}/Manifest.lock\" > /dev/null\nif [ $? != 0 ] ; then\n    # print error to STDERR\n    echo \"error: The sandbox is not in sync with the Podfile.lock. Run 'pod install' or update your CocoaPods installation.\" >&2\n    exit 1\nfi\n# This output is used by Xcode 'outputs' to avoid re-running this script phase.\necho \"SUCCESS\" > \"${SCRIPT_OUTPUT_FILE_0}\"\n";
			showEnvVarsInLog = 0;
		};
		FDABC68516BAE171A6D3375E /* [CP] Copy Pods Resources */ = {
			isa = PBXShellScriptBuildPhase;
			buildActionMask = 2147483647;
			files = (
			);
			inputPaths = (
				"${SRCROOT}/Pods/Target Support Files/Pods-Papaya/Pods-Papaya-resources.sh",
				"${PODS_ROOT}/GoogleMaps/Maps/Frameworks/GoogleMaps.framework/Resources/GoogleMaps.bundle",
				"${PODS_ROOT}/GooglePlaces/Frameworks/GooglePlaces.framework/Resources/GooglePlaces.bundle",
			);
			name = "[CP] Copy Pods Resources";
			outputPaths = (
				"${TARGET_BUILD_DIR}/${UNLOCALIZED_RESOURCES_FOLDER_PATH}",
			);
			runOnlyForDeploymentPostprocessing = 0;
			shellPath = /bin/sh;
			shellScript = "\"${SRCROOT}/Pods/Target Support Files/Pods-Papaya/Pods-Papaya-resources.sh\"\n";
			showEnvVarsInLog = 0;
		};
/* End PBXShellScriptBuildPhase section */

/* Begin PBXSourcesBuildPhase section */
		C00A1EBD1FAEBEF6007B04B7 /* Sources */ = {
			isa = PBXSourcesBuildPhase;
			buildActionMask = 2147483647;
			files = (
				C00A21CE1FAEC27D007B04B7 /* DSGradientProgressView.swift in Sources */,
				C00A21781FAEC27D007B04B7 /* LoginViewController.swift in Sources */,
				C00A21731FAEC27D007B04B7 /* CompareVC.swift in Sources */,
				C00A21B51FAEC27D007B04B7 /* Reachability.swift in Sources */,
				C00A21861FAEC27D007B04B7 /* CartVC.swift in Sources */,
				C00A21A61FAEC27D007B04B7 /* BaseVC.swift in Sources */,
				C00A21821FAEC27D007B04B7 /* CheckoutDeliveryVC.swift in Sources */,
				C06331A01FB6A48100FA8EFC /* ItemDataSource.swift in Sources */,
				C00A21AC1FAEC27D007B04B7 /* NameVC.swift in Sources */,
				C00A219C1FAEC27D007B04B7 /* StartTip.swift in Sources */,
				C00A21751FAEC27D007B04B7 /* ImageDetailVC.swift in Sources */,
				C00A21811FAEC27D007B04B7 /* ChooseShopViewController.swift in Sources */,
				C00A21AF1FAEC27D007B04B7 /* SettingsInfoVC.swift in Sources */,
				C00A21C21FAEC27D007B04B7 /* Colors.swift in Sources */,
				C0FA39BD1FB7C37000F0DC40 /* _CartVC.swift in Sources */,
				C00A21721FAEC27D007B04B7 /* AppDelegate.swift in Sources */,
				C00A21AB1FAEC27D007B04B7 /* EmailVC.swift in Sources */,
				C00A217E1FAEC27D007B04B7 /* ListsVC.swift in Sources */,
				C00A21AA1FAEC27D007B04B7 /* AdvancedVC.swift in Sources */,
				C0C6C7A81FB8ECCC00EF9968 /* AisleVC.swift in Sources */,
				C00A21C81FAEC27D007B04B7 /* Shop.swift in Sources */,
				C00A21841FAEC27D007B04B7 /* Grocery.swift in Sources */,
				C00A217C1FAEC27D007B04B7 /* ListDetailVC.swift in Sources */,
				C0C8E7071FB69D1500071AE4 /* HomeVC.swift in Sources */,
				C06BE63D1FBD3F6A00302D8A /* InstructionsVC.swift in Sources */,
				C01EDF361FB6C78D00A7A0CA /* MeVC.swift in Sources */,
				C00A219A1FAEC27D007B04B7 /* PackingDetail.swift in Sources */,
				C00A21A81FAEC27D007B04B7 /* PackerVC.swift in Sources */,
				C0FA39B51FB78C7600F0DC40 /* SearchVC.swift in Sources */,
				C00A21801FAEC27D007B04B7 /* SignupVC.swift in Sources */,
				C00A21C31FAEC27D007B04B7 /* Constants.swift in Sources */,
				C029E8B91FB6968E007E1EE4 /* ItemCollectionViewCell.swift in Sources */,
				C00A21C61FAEC27D007B04B7 /* Location.swift in Sources */,
				C00A21881FAEC27D007B04B7 /* ShoppingVC.swift in Sources */,
				C00A219F1FAEC27D007B04B7 /* OrderSummaryVC.swift in Sources */,
				C00A21C51FAEC27D007B04B7 /* Item.swift in Sources */,
				C00A21851FAEC27D007B04B7 /* GroceryContainerVC.swift in Sources */,
				C00A21761FAEC27D007B04B7 /* InventoryVC.swift in Sources */,
				C00A21B11FAEC27D007B04B7 /* AlertHelper.swift in Sources */,
				C00A21901FAEC27D007B04B7 /* OrderSummary.swift in Sources */,
				C00A217A1FAEC27D007B04B7 /* SignUpViewController.swift in Sources */,
				C06331A51FB6A97C00FA8EFC /* ViewConstants.swift in Sources */,
				C00A21B31FAEC27D007B04B7 /* Extensions.swift in Sources */,
				C0452ED21FB5120400240CFF /* MainTabVC.swift in Sources */,
				C00A21A91FAEC27D007B04B7 /* PackOrderVC.swift in Sources */,
				C00A21A11FAEC27D007B04B7 /* TipVC.swift in Sources */,
				C00A218C1FAEC27D007B04B7 /* ExpressStatus.swift in Sources */,
				C00A21B21FAEC27D007B04B7 /* UIViewController+BackButtonHandler.m in Sources */,
				C00A21A51FAEC27D007B04B7 /* AnomalyVC.swift in Sources */,
				C00A21A31FAEC27D007B04B7 /* StatusVC.swift in Sources */,
				C06331A21FB6A4BE00FA8EFC /* ItemDelegate.swift in Sources */,
				C00A21B71FAEC27D007B04B7 /* Request+Image.swift in Sources */,
				C00A21921FAEC27D007B04B7 /* PersonCell.swift in Sources */,
				C00A21B81FAEC27D007B04B7 /* Request.swift in Sources */,
				C0FA39BA1FB7972000F0DC40 /* UIBarButtonItem+Badge.m in Sources */,
				C00A21AD1FAEC27D007B04B7 /* PasswordVC.swift in Sources */,
				C00A21B01FAEC27D007B04B7 /* SettingsVC.swift in Sources */,
				C00A21A21FAEC27D007B04B7 /* StatusSupportVC.swift in Sources */,
				C02A02151FBA0DE300DC3DDD /* ItemGroupTableViewCell.swift in Sources */,
				C00A21831FAEC27D007B04B7 /* CheckoutVC.swift in Sources */,
				C00A21AE1FAEC27D007B04B7 /* PaymentVC.swift in Sources */,
				C00A21C71FAEC27D007B04B7 /* PrePackedObject.swift in Sources */,
				C00A217D1FAEC27D007B04B7 /* ListFromOCR.swift in Sources */,
				C00A217B1FAEC27D007B04B7 /* EditDetailVC.swift in Sources */,
				C00A21C91FAEC27D007B04B7 /* User.swift in Sources */,
				C00A21A71FAEC27D007B04B7 /* DeliverVC.swift in Sources */,
				C00A218A1FAEC27D007B04B7 /* AddExpress.swift in Sources */,
				C00A219E1FAEC27D007B04B7 /* StatusCell.swift in Sources */,
				C00A21941FAEC27D007B04B7 /* DeliveryStatus.swift in Sources */,
				C00A21B61FAEC27D007B04B7 /* StoryboardHandler.swift in Sources */,
				C00A21961FAEC27D007B04B7 /* FinishButton.swift in Sources */,
				C00A21CD1FAEC27D007B04B7 /* DrawView.swift in Sources */,
				C00A21891FAEC27D007B04B7 /* GiveTipVC.swift in Sources */,
				C0FA39B71FB7943800F0DC40 /* BrowseVC.swift in Sources */,
				C00A21A01FAEC27D007B04B7 /* SupportVC.swift in Sources */,
				C00A21CC1FAEC27D007B04B7 /* DeliveryTextField.swift in Sources */,
				C00A21771FAEC27D007B04B7 /* LaunchScreenViewController.swift in Sources */,
				C00A21741FAEC27D007B04B7 /* DetailItemViewController.swift in Sources */,
				C00A21C41FAEC27D007B04B7 /* Cart.swift in Sources */,
				C00A21871FAEC27D007B04B7 /* FilterVC.swift in Sources */,
				C00A217F1FAEC27D007B04B7 /* LoginTextField.swift in Sources */,
				C00A21CF1FAEC27D007B04B7 /* LargeButton.swift in Sources */,
				C00A218E1FAEC27D007B04B7 /* MainStatus.swift in Sources */,
				C0FA39BF1FB80A4300F0DC40 /* CartItem.swift in Sources */,
				C00A21A41FAEC27D007B04B7 /* StatusViewController.swift in Sources */,
				C00A21981FAEC27D007B04B7 /* PriceBreakdown.swift in Sources */,
			);
			runOnlyForDeploymentPostprocessing = 0;
		};
/* End PBXSourcesBuildPhase section */

/* Begin XCBuildConfiguration section */
		C00A1ED11FAEBEF6007B04B7 /* Debug */ = {
			isa = XCBuildConfiguration;
			buildSettings = {
				ALWAYS_SEARCH_USER_PATHS = NO;
				CLANG_ANALYZER_NONNULL = YES;
				CLANG_ANALYZER_NUMBER_OBJECT_CONVERSION = YES_AGGRESSIVE;
				CLANG_CXX_LANGUAGE_STANDARD = "gnu++14";
				CLANG_CXX_LIBRARY = "libc++";
				CLANG_ENABLE_MODULES = YES;
				CLANG_ENABLE_OBJC_ARC = YES;
				CLANG_WARN_BLOCK_CAPTURE_AUTORELEASING = YES;
				CLANG_WARN_BOOL_CONVERSION = YES;
				CLANG_WARN_COMMA = YES;
				CLANG_WARN_CONSTANT_CONVERSION = YES;
				CLANG_WARN_DIRECT_OBJC_ISA_USAGE = YES_ERROR;
				CLANG_WARN_DOCUMENTATION_COMMENTS = YES;
				CLANG_WARN_EMPTY_BODY = YES;
				CLANG_WARN_ENUM_CONVERSION = YES;
				CLANG_WARN_INFINITE_RECURSION = YES;
				CLANG_WARN_INT_CONVERSION = YES;
				CLANG_WARN_NON_LITERAL_NULL_CONVERSION = YES;
				CLANG_WARN_OBJC_LITERAL_CONVERSION = YES;
				CLANG_WARN_OBJC_ROOT_CLASS = YES_ERROR;
				CLANG_WARN_RANGE_LOOP_ANALYSIS = YES;
				CLANG_WARN_STRICT_PROTOTYPES = YES;
				CLANG_WARN_SUSPICIOUS_MOVE = YES;
				CLANG_WARN_UNGUARDED_AVAILABILITY = YES_AGGRESSIVE;
				CLANG_WARN_UNREACHABLE_CODE = YES;
				CLANG_WARN__DUPLICATE_METHOD_MATCH = YES;
				CODE_SIGN_IDENTITY = "iPhone Developer";
				COPY_PHASE_STRIP = NO;
				DEBUG_INFORMATION_FORMAT = dwarf;
				ENABLE_STRICT_OBJC_MSGSEND = YES;
				ENABLE_TESTABILITY = YES;
				GCC_C_LANGUAGE_STANDARD = gnu11;
				GCC_DYNAMIC_NO_PIC = NO;
				GCC_NO_COMMON_BLOCKS = YES;
				GCC_OPTIMIZATION_LEVEL = 0;
				GCC_PREPROCESSOR_DEFINITIONS = (
					"DEBUG=1",
					"$(inherited)",
				);
				GCC_WARN_64_TO_32_BIT_CONVERSION = YES;
				GCC_WARN_ABOUT_RETURN_TYPE = YES_ERROR;
				GCC_WARN_UNDECLARED_SELECTOR = YES;
				GCC_WARN_UNINITIALIZED_AUTOS = YES_AGGRESSIVE;
				GCC_WARN_UNUSED_FUNCTION = YES;
				GCC_WARN_UNUSED_VARIABLE = YES;
				IPHONEOS_DEPLOYMENT_TARGET = 11.0;
				MTL_ENABLE_DEBUG_INFO = YES;
				ONLY_ACTIVE_ARCH = YES;
				SDKROOT = iphoneos;
				SWIFT_ACTIVE_COMPILATION_CONDITIONS = DEBUG;
				SWIFT_OPTIMIZATION_LEVEL = "-Onone";
			};
			name = Debug;
		};
		C00A1ED21FAEBEF6007B04B7 /* Release */ = {
			isa = XCBuildConfiguration;
			buildSettings = {
				ALWAYS_SEARCH_USER_PATHS = NO;
				CLANG_ANALYZER_NONNULL = YES;
				CLANG_ANALYZER_NUMBER_OBJECT_CONVERSION = YES_AGGRESSIVE;
				CLANG_CXX_LANGUAGE_STANDARD = "gnu++14";
				CLANG_CXX_LIBRARY = "libc++";
				CLANG_ENABLE_MODULES = YES;
				CLANG_ENABLE_OBJC_ARC = YES;
				CLANG_WARN_BLOCK_CAPTURE_AUTORELEASING = YES;
				CLANG_WARN_BOOL_CONVERSION = YES;
				CLANG_WARN_COMMA = YES;
				CLANG_WARN_CONSTANT_CONVERSION = YES;
				CLANG_WARN_DIRECT_OBJC_ISA_USAGE = YES_ERROR;
				CLANG_WARN_DOCUMENTATION_COMMENTS = YES;
				CLANG_WARN_EMPTY_BODY = YES;
				CLANG_WARN_ENUM_CONVERSION = YES;
				CLANG_WARN_INFINITE_RECURSION = YES;
				CLANG_WARN_INT_CONVERSION = YES;
				CLANG_WARN_NON_LITERAL_NULL_CONVERSION = YES;
				CLANG_WARN_OBJC_LITERAL_CONVERSION = YES;
				CLANG_WARN_OBJC_ROOT_CLASS = YES_ERROR;
				CLANG_WARN_RANGE_LOOP_ANALYSIS = YES;
				CLANG_WARN_STRICT_PROTOTYPES = YES;
				CLANG_WARN_SUSPICIOUS_MOVE = YES;
				CLANG_WARN_UNGUARDED_AVAILABILITY = YES_AGGRESSIVE;
				CLANG_WARN_UNREACHABLE_CODE = YES;
				CLANG_WARN__DUPLICATE_METHOD_MATCH = YES;
				CODE_SIGN_IDENTITY = "iPhone Developer";
				COPY_PHASE_STRIP = NO;
				DEBUG_INFORMATION_FORMAT = "dwarf-with-dsym";
				ENABLE_NS_ASSERTIONS = NO;
				ENABLE_STRICT_OBJC_MSGSEND = YES;
				GCC_C_LANGUAGE_STANDARD = gnu11;
				GCC_NO_COMMON_BLOCKS = YES;
				GCC_WARN_64_TO_32_BIT_CONVERSION = YES;
				GCC_WARN_ABOUT_RETURN_TYPE = YES_ERROR;
				GCC_WARN_UNDECLARED_SELECTOR = YES;
				GCC_WARN_UNINITIALIZED_AUTOS = YES_AGGRESSIVE;
				GCC_WARN_UNUSED_FUNCTION = YES;
				GCC_WARN_UNUSED_VARIABLE = YES;
				IPHONEOS_DEPLOYMENT_TARGET = 11.0;
				MTL_ENABLE_DEBUG_INFO = NO;
				SDKROOT = iphoneos;
				SWIFT_OPTIMIZATION_LEVEL = "-Owholemodule";
				VALIDATE_PRODUCT = YES;
			};
			name = Release;
		};
		C00A1ED41FAEBEF6007B04B7 /* Debug */ = {
			isa = XCBuildConfiguration;
			baseConfigurationReference = F0C28D1A4F9B5F12E794D237 /* Pods-Papaya.debug.xcconfig */;
			buildSettings = {
				ASSETCATALOG_COMPILER_APPICON_NAME = AppIcon;
				CODE_SIGN_STYLE = Automatic;
				DEVELOPMENT_TEAM = 2URPV3567V;
				INFOPLIST_FILE = "$(SRCROOT)/Source/Extra/Info.plist";
				IPHONEOS_DEPLOYMENT_TARGET = 10.0;
				LD_RUNPATH_SEARCH_PATHS = "$(inherited) @executable_path/Frameworks";
				PRODUCT_BUNDLE_IDENTIFIER = bm.papaya.Papaya;
				PRODUCT_NAME = "$(TARGET_NAME)";
				SWIFT_OBJC_BRIDGING_HEADER = "$(SRCROOT)/Source/Papaya-Bridging-Header.h";
				SWIFT_VERSION = 4.0;
				TARGETED_DEVICE_FAMILY = 1;
			};
			name = Debug;
		};
		C00A1ED51FAEBEF6007B04B7 /* Release */ = {
			isa = XCBuildConfiguration;
			baseConfigurationReference = 91B9D6317289059D3C89782D /* Pods-Papaya.release.xcconfig */;
			buildSettings = {
				ASSETCATALOG_COMPILER_APPICON_NAME = AppIcon;
				CODE_SIGN_STYLE = Automatic;
				DEVELOPMENT_TEAM = 2URPV3567V;
				INFOPLIST_FILE = "$(SRCROOT)/Source/Extra/Info.plist";
				IPHONEOS_DEPLOYMENT_TARGET = 10.0;
				LD_RUNPATH_SEARCH_PATHS = "$(inherited) @executable_path/Frameworks";
				PRODUCT_BUNDLE_IDENTIFIER = bm.papaya.Papaya;
				PRODUCT_NAME = "$(TARGET_NAME)";
				SWIFT_OBJC_BRIDGING_HEADER = "$(SRCROOT)/Source/Papaya-Bridging-Header.h";
				SWIFT_VERSION = 4.0;
				TARGETED_DEVICE_FAMILY = 1;
			};
			name = Release;
		};
/* End XCBuildConfiguration section */

/* Begin XCConfigurationList section */
		C00A1EBC1FAEBEF6007B04B7 /* Build configuration list for PBXProject "Papaya" */ = {
			isa = XCConfigurationList;
			buildConfigurations = (
				C00A1ED11FAEBEF6007B04B7 /* Debug */,
				C00A1ED21FAEBEF6007B04B7 /* Release */,
			);
			defaultConfigurationIsVisible = 0;
			defaultConfigurationName = Release;
		};
		C00A1ED31FAEBEF6007B04B7 /* Build configuration list for PBXNativeTarget "Papaya" */ = {
			isa = XCConfigurationList;
			buildConfigurations = (
				C00A1ED41FAEBEF6007B04B7 /* Debug */,
				C00A1ED51FAEBEF6007B04B7 /* Release */,
			);
			defaultConfigurationIsVisible = 0;
			defaultConfigurationName = Release;
		};
/* End XCConfigurationList section */
	};
	rootObject = C00A1EB91FAEBEF6007B04B7 /* Project object */;
}
